
Microsoft Visual Studio Solution File, Format Version 12.00
# Visual Studio Version 17
VisualStudioVersion = 17.12.35514.174 d17.12
MinimumVisualStudioVersion = 10.0.40219.1
Project("{FAE04EC0-301F-11D3-BF4B-00C04F79EFBC}") = "C_Sharp_OperatorsPrograms", "C_Sharp_OperatorsPrograms.csproj", "{7F0E9C0A-60FD-4433-B8D2-A9B0C9CDBE28}"
EndProject
Global
	GlobalSection(SolutionConfigurationPlatforms) = preSolution
		Debug|Any CPU = Debug|Any CPU
		Release|Any CPU = Release|Any CPU
	EndGlobalSection
	GlobalSection(ProjectConfigurationPlatforms) = postSolution
		{7F0E9C0A-60FD-4433-B8D2-A9B0C9CDBE28}.Debug|Any CPU.ActiveCfg = Debug|Any CPU
		{7F0E9C0A-60FD-4433-B8D2-A9B0C9CDBE28}.Debug|Any CPU.Build.0 = Debug|Any CPU
		{7F0E9C0A-60FD-4433-B8D2-A9B0C9CDBE28}.Release|Any CPU.ActiveCfg = Release|Any CPU
		{7F0E9C0A-60FD-4433-B8D2-A9B0C9CDBE28}.Release|Any CPU.Build.0 = Release|Any CPU
	EndGlobalSection
	GlobalSection(SolutionProperties) = preSolution
		HideSolutionNode = FALSE
	EndGlobalSection
EndGlobal
